// !$*UTF8*$!
{
	archiveVersion = 1;
	classes = {
	};
	objectVersion = 56;
	objects = {

/* Begin PBXBuildFile section */
		131072772C40E0DD0050FFE9 /* ProductModel.swift in Sources */ = {isa = PBXBuildFile; fileRef = 131072762C40E0DD0050FFE9 /* ProductModel.swift */; };
		1310727B2C40E1030050FFE9 /* ProductRowView.swift in Sources */ = {isa = PBXBuildFile; fileRef = 1310727A2C40E1030050FFE9 /* ProductRowView.swift */; };
		1310727E2C40E1130050FFE9 /* ProductDetailView.swift in Sources */ = {isa = PBXBuildFile; fileRef = 1310727D2C40E1130050FFE9 /* ProductDetailView.swift */; };
		131072802C40E11B0050FFE9 /* ProductListView.swift in Sources */ = {isa = PBXBuildFile; fileRef = 1310727F2C40E11B0050FFE9 /* ProductListView.swift */; };
		131072832C40E14A0050FFE9 /* APIService.swift in Sources */ = {isa = PBXBuildFile; fileRef = 131072822C40E14A0050FFE9 /* APIService.swift */; };
		131072862C40E1BC0050FFE9 /* ProductViewModel.swift in Sources */ = {isa = PBXBuildFile; fileRef = 131072852C40E1BC0050FFE9 /* ProductViewModel.swift */; };
		131072892C40E1E20050FFE9 /* NetworkError.swift in Sources */ = {isa = PBXBuildFile; fileRef = 131072882C40E1E20050FFE9 /* NetworkError.swift */; };
		13B954D82C40D3D2009E1FD9 /* ElektraApp.swift in Sources */ = {isa = PBXBuildFile; fileRef = 13B954D72C40D3D2009E1FD9 /* ElektraApp.swift */; };
		13B954DA2C40D3D2009E1FD9 /* ContentView.swift in Sources */ = {isa = PBXBuildFile; fileRef = 13B954D92C40D3D2009E1FD9 /* ContentView.swift */; };
		13B954DC2C40D3D3009E1FD9 /* Assets.xcassets in Resources */ = {isa = PBXBuildFile; fileRef = 13B954DB2C40D3D3009E1FD9 /* Assets.xcassets */; };
		13B954DF2C40D3D3009E1FD9 /* Preview Assets.xcassets in Resources */ = {isa = PBXBuildFile; fileRef = 13B954DE2C40D3D3009E1FD9 /* Preview Assets.xcassets */; };
/* End PBXBuildFile section */

/* Begin PBXFileReference section */
		131072762C40E0DD0050FFE9 /* ProductModel.swift */ = {isa = PBXFileReference; lastKnownFileType = sourcecode.swift; path = ProductModel.swift; sourceTree = "<group>"; };
		1310727A2C40E1030050FFE9 /* ProductRowView.swift */ = {isa = PBXFileReference; lastKnownFileType = sourcecode.swift; path = ProductRowView.swift; sourceTree = "<group>"; };
		1310727D2C40E1130050FFE9 /* ProductDetailView.swift */ = {isa = PBXFileReference; lastKnownFileType = sourcecode.swift; path = ProductDetailView.swift; sourceTree = "<group>"; };
		1310727F2C40E11B0050FFE9 /* ProductListView.swift */ = {isa = PBXFileReference; lastKnownFileType = sourcecode.swift; path = ProductListView.swift; sourceTree = "<group>"; };
		131072822C40E14A0050FFE9 /* APIService.swift */ = {isa = PBXFileReference; lastKnownFileType = sourcecode.swift; path = APIService.swift; sourceTree = "<group>"; };
		131072852C40E1BC0050FFE9 /* ProductViewModel.swift */ = {isa = PBXFileReference; lastKnownFileType = sourcecode.swift; path = ProductViewModel.swift; sourceTree = "<group>"; };
		131072882C40E1E20050FFE9 /* NetworkError.swift */ = {isa = PBXFileReference; lastKnownFileType = sourcecode.swift; path = NetworkError.swift; sourceTree = "<group>"; };
		13B954D42C40D3D2009E1FD9 /* Elektra.app */ = {isa = PBXFileReference; explicitFileType = wrapper.application; includeInIndex = 0; path = Elektra.app; sourceTree = BUILT_PRODUCTS_DIR; };
		13B954D72C40D3D2009E1FD9 /* ElektraApp.swift */ = {isa = PBXFileReference; lastKnownFileType = sourcecode.swift; path = ElektraApp.swift; sourceTree = "<group>"; };
		13B954D92C40D3D2009E1FD9 /* ContentView.swift */ = {isa = PBXFileReference; lastKnownFileType = sourcecode.swift; path = ContentView.swift; sourceTree = "<group>"; };
		13B954DB2C40D3D3009E1FD9 /* Assets.xcassets */ = {isa = PBXFileReference; lastKnownFileType = folder.assetcatalog; path = Assets.xcassets; sourceTree = "<group>"; };
		13B954DE2C40D3D3009E1FD9 /* Preview Assets.xcassets */ = {isa = PBXFileReference; lastKnownFileType = folder.assetcatalog; path = "Preview Assets.xcassets"; sourceTree = "<group>"; };
/* End PBXFileReference section */

/* Begin PBXFrameworksBuildPhase section */
		13B954D12C40D3D2009E1FD9 /* Frameworks */ = {
			isa = PBXFrameworksBuildPhase;
			buildActionMask = 2147483647;
			files = (
			);
			runOnlyForDeploymentPostprocessing = 0;
		};
/* End PBXFrameworksBuildPhase section */

/* Begin PBXGroup section */
		131072782C40E0E60050FFE9 /* Models */ = {
			isa = PBXGroup;
			children = (
				131072762C40E0DD0050FFE9 /* ProductModel.swift */,
			);
			path = Models;
			sourceTree = "<group>";
		};
		131072792C40E0F20050FFE9 /* Views */ = {
			isa = PBXGroup;
			children = (
				1310727A2C40E1030050FFE9 /* ProductRowView.swift */,
				1310727D2C40E1130050FFE9 /* ProductDetailView.swift */,
				1310727F2C40E11B0050FFE9 /* ProductListView.swift */,
			);
			path = Views;
			sourceTree = "<group>";
		};
		131072812C40E1300050FFE9 /* NetWorking */ = {
			isa = PBXGroup;
			children = (
				131072822C40E14A0050FFE9 /* APIService.swift */,
			);
			path = NetWorking;
			sourceTree = "<group>";
		};
		131072842C40E19B0050FFE9 /* ViewModels */ = {
			isa = PBXGroup;
			children = (
				131072852C40E1BC0050FFE9 /* ProductViewModel.swift */,
			);
			path = ViewModels;
			sourceTree = "<group>";
		};
		131072872C40E1D80050FFE9 /* Utils */ = {
			isa = PBXGroup;
			children = (
				131072882C40E1E20050FFE9 /* NetworkError.swift */,
			);
			path = Utils;
			sourceTree = "<group>";
		};
		13B954CB2C40D3D2009E1FD9 = {
			isa = PBXGroup;
			children = (
				13B954D62C40D3D2009E1FD9 /* Elektra */,
				13B954D52C40D3D2009E1FD9 /* Products */,
			);
			sourceTree = "<group>";
		};
		13B954D52C40D3D2009E1FD9 /* Products */ = {
			isa = PBXGroup;
			children = (
				13B954D42C40D3D2009E1FD9 /* Elektra.app */,
			);
			name = Products;
			sourceTree = "<group>";
		};
		13B954D62C40D3D2009E1FD9 /* Elektra */ = {
			isa = PBXGroup;
			children = (
				131072872C40E1D80050FFE9 /* Utils */,
				131072842C40E19B0050FFE9 /* ViewModels */,
				131072812C40E1300050FFE9 /* NetWorking */,
				131072792C40E0F20050FFE9 /* Views */,
				131072782C40E0E60050FFE9 /* Models */,
				13B954D72C40D3D2009E1FD9 /* ElektraApp.swift */,
				13B954D92C40D3D2009E1FD9 /* ContentView.swift */,
				13B954DB2C40D3D3009E1FD9 /* Assets.xcassets */,
				13B954DD2C40D3D3009E1FD9 /* Preview Content */,
			);
			path = Elektra;
			sourceTree = "<group>";
		};
		13B954DD2C40D3D3009E1FD9 /* Preview Content */ = {
			isa = PBXGroup;
			children = (
				13B954DE2C40D3D3009E1FD9 /* Preview Assets.xcassets */,
			);
			path = "Preview Content";
			sourceTree = "<group>";
		};
/* End PBXGroup section */

/* Begin PBXNativeTarget section */
		13B954D32C40D3D2009E1FD9 /* Elektra */ = {
			isa = PBXNativeTarget;
			buildConfigurationList = 13B954E22C40D3D3009E1FD9 /* Build configuration list for PBXNativeTarget "Elektra" */;
			buildPhases = (
				13B954D02C40D3D2009E1FD9 /* Sources */,
				13B954D12C40D3D2009E1FD9 /* Frameworks */,
				13B954D22C40D3D2009E1FD9 /* Resources */,
			);
			buildRules = (
			);
			dependencies = (
			);
			name = Elektra;
			productName = Elektra;
			productReference = 13B954D42C40D3D2009E1FD9 /* Elektra.app */;
			productType = "com.apple.product-type.application";
		};
/* End PBXNativeTarget section */

/* Begin PBXProject section */
		13B954CC2C40D3D2009E1FD9 /* Project object */ = {
			isa = PBXProject;
			attributes = {
				BuildIndependentTargetsInParallel = 1;
				LastSwiftUpdateCheck = 1540;
				LastUpgradeCheck = 1540;
				TargetAttributes = {
					13B954D32C40D3D2009E1FD9 = {
						CreatedOnToolsVersion = 15.4;
					};
				};
			};
			buildConfigurationList = 13B954CF2C40D3D2009E1FD9 /* Build configuration list for PBXProject "Elektra" */;
			compatibilityVersion = "Xcode 14.0";
			developmentRegion = en;
			hasScannedForEncodings = 0;
			knownRegions = (
				en,
				Base,
			);
			mainGroup = 13B954CB2C40D3D2009E1FD9;
			productRefGroup = 13B954D52C40D3D2009E1FD9 /* Products */;
			projectDirPath = "";
			projectRoot = "";
			targets = (
				13B954D32C40D3D2009E1FD9 /* Elektra */,
			);
		};
/* End PBXProject section */

/* Begin PBXResourcesBuildPhase section */
		13B954D22C40D3D2009E1FD9 /* Resources */ = {
			isa = PBXResourcesBuildPhase;
			buildActionMask = 2147483647;
			files = (
				13B954DF2C40D3D3009E1FD9 /* Preview Assets.xcassets in Resources */,
				13B954DC2C40D3D3009E1FD9 /* Assets.xcassets in Resources */,
			);
			runOnlyForDeploymentPostprocessing = 0;
		};
/* End PBXResourcesBuildPhase section */

/* Begin PBXSourcesBuildPhase section */
		13B954D02C40D3D2009E1FD9 /* Sources */ = {
			isa = PBXSourcesBuildPhase;
			buildActionMask = 2147483647;
			files = (
				131072802C40E11B0050FFE9 /* ProductListView.swift in Sources */,
				131072832C40E14A0050FFE9 /* APIService.swift in Sources */,
				13B954DA2C40D3D2009E1FD9 /* ContentView.swift in Sources */,
				1310727E2C40E1130050FFE9 /* ProductDetailView.swift in Sources */,
				131072772C40E0DD0050FFE9 /* ProductModel.swift in Sources */,
				13B954D82C40D3D2009E1FD9 /* ElektraApp.swift in Sources */,
				131072892C40E1E20050FFE9 /* NetworkError.swift in Sources */,
				131072862C40E1BC0050FFE9 /* ProductViewModel.swift in Sources */,
				1310727B2C40E1030050FFE9 /* ProductRowView.swift in Sources */,
			);
			runOnlyForDeploymentPostprocessing = 0;
		};
/* End PBXSourcesBuildPhase section */

/* Begin XCBuildConfiguration section */
		13B954E02C40D3D3009E1FD9 /* Debug */ = {
			isa = XCBuildConfiguration;
			buildSettings = {
				ALWAYS_SEARCH_USER_PATHS = NO;
				ASSETCATALOG_COMPILER_GENERATE_SWIFT_ASSET_SYMBOL_EXTENSIONS = YES;
				CLANG_ANALYZER_NONNULL = YES;
				CLANG_ANALYZER_NUMBER_OBJECT_CONVERSION = YES_AGGRESSIVE;
				CLANG_CXX_LANGUAGE_STANDARD = "gnu++20";
				CLANG_ENABLE_MODULES = YES;
				CLANG_ENABLE_OBJC_ARC = YES;
				CLANG_ENABLE_OBJC_WEAK = YES;
				CLANG_WARN_BLOCK_CAPTURE_AUTORELEASING = YES;
				CLANG_WARN_BOOL_CONVERSION = YES;
				CLANG_WARN_COMMA = YES;
				CLANG_WARN_CONSTANT_CONVERSION = YES;
				CLANG_WARN_DEPRECATED_OBJC_IMPLEMENTATIONS = YES;
				CLANG_WARN_DIRECT_OBJC_ISA_USAGE = YES_ERROR;
				CLANG_WARN_DOCUMENTATION_COMMENTS = YES;
				CLANG_WARN_EMPTY_BODY = YES;
				CLANG_WARN_ENUM_CONVERSION = YES;
				CLANG_WARN_INFINITE_RECURSION = YES;
				CLANG_WARN_INT_CONVERSION = YES;
				CLANG_WARN_NON_LITERAL_NULL_CONVERSION = YES;
				CLANG_WARN_OBJC_IMPLICIT_RETAIN_SELF = YES;
				CLANG_WARN_OBJC_LITERAL_CONVERSION = YES;
				CLANG_WARN_OBJC_ROOT_CLASS = YES_ERROR;
				CLANG_WARN_QUOTED_INCLUDE_IN_FRAMEWORK_HEADER = YES;
				CLANG_WARN_RANGE_LOOP_ANALYSIS = YES;
				CLANG_WARN_STRICT_PROTOTYPES = YES;
				CLANG_WARN_SUSPICIOUS_MOVE = YES;
				CLANG_WARN_UNGUARDED_AVAILABILITY = YES_AGGRESSIVE;
				CLANG_WARN_UNREACHABLE_CODE = YES;
				CLANG_WARN__DUPLICATE_METHOD_MATCH = YES;
				COPY_PHASE_STRIP = NO;
				DEBUG_INFORMATION_FORMAT = dwarf;
				ENABLE_STRICT_OBJC_MSGSEND = YES;
				ENABLE_TESTABILITY = YES;
				ENABLE_USER_SCRIPT_SANDBOXING = YES;
				GCC_C_LANGUAGE_STANDARD = gnu17;
				GCC_DYNAMIC_NO_PIC = NO;
				GCC_NO_COMMON_BLOCKS = YES;
				GCC_OPTIMIZATION_LEVEL = 0;
				GCC_PREPROCESSOR_DEFINITIONS = (
					"DEBUG=1",
					"$(inherited)",
				);
				GCC_WARN_64_TO_32_BIT_CONVERSION = YES;
				GCC_WARN_ABOUT_RETURN_TYPE = YES_ERROR;
				GCC_WARN_UNDECLARED_SELECTOR = YES;
				GCC_WARN_UNINITIALIZED_AUTOS = YES_AGGRESSIVE;
				GCC_WARN_UNUSED_FUNCTION = YES;
				GCC_WARN_UNUSED_VARIABLE = YES;
				IPHONEOS_DEPLOYMENT_TARGET = 17.5;
				LOCALIZATION_PREFERS_STRING_CATALOGS = YES;
				MTL_ENABLE_DEBUG_INFO = INCLUDE_SOURCE;
				MTL_FAST_MATH = YES;
				ONLY_ACTIVE_ARCH = YES;
				SDKROOT = iphoneos;
				SWIFT_ACTIVE_COMPILATION_CONDITIONS = "DEBUG $(inherited)";
				SWIFT_OPTIMIZATION_LEVEL = "-Onone";
			};
			name = Debug;
		};
		13B954E12C40D3D3009E1FD9 /* Release */ = {
			isa = XCBuildConfiguration;
			buildSettings = {
				ALWAYS_SEARCH_USER_PATHS = NO;
				ASSETCATALOG_COMPILER_GENERATE_SWIFT_ASSET_SYMBOL_EXTENSIONS = YES;
				CLANG_ANALYZER_NONNULL = YES;
				CLANG_ANALYZER_NUMBER_OBJECT_CONVERSION = YES_AGGRESSIVE;
				CLANG_CXX_LANGUAGE_STANDARD = "gnu++20";
				CLANG_ENABLE_MODULES = YES;
				CLANG_ENABLE_OBJC_ARC = YES;
				CLANG_ENABLE_OBJC_WEAK = YES;
				CLANG_WARN_BLOCK_CAPTURE_AUTORELEASING = YES;
				CLANG_WARN_BOOL_CONVERSION = YES;
				CLANG_WARN_COMMA = YES;
				CLANG_WARN_CONSTANT_CONVERSION = YES;
				CLANG_WARN_DEPRECATED_OBJC_IMPLEMENTATIONS = YES;
				CLANG_WARN_DIRECT_OBJC_ISA_USAGE = YES_ERROR;
				CLANG_WARN_DOCUMENTATION_COMMENTS = YES;
				CLANG_WARN_EMPTY_BODY = YES;
				CLANG_WARN_ENUM_CONVERSION = YES;
				CLANG_WARN_INFINITE_RECURSION = YES;
				CLANG_WARN_INT_CONVERSION = YES;
				CLANG_WARN_NON_LITERAL_NULL_CONVERSION = YES;
				CLANG_WARN_OBJC_IMPLICIT_RETAIN_SELF = YES;
				CLANG_WARN_OBJC_LITERAL_CONVERSION = YES;
				CLANG_WARN_OBJC_ROOT_CLASS = YES_ERROR;
				CLANG_WARN_QUOTED_INCLUDE_IN_FRAMEWORK_HEADER = YES;
				CLANG_WARN_RANGE_LOOP_ANALYSIS = YES;
				CLANG_WARN_STRICT_PROTOTYPES = YES;
				CLANG_WARN_SUSPICIOUS_MOVE = YES;
				CLANG_WARN_UNGUARDED_AVAILABILITY = YES_AGGRESSIVE;
				CLANG_WARN_UNREACHABLE_CODE = YES;
				CLANG_WARN__DUPLICATE_METHOD_MATCH = YES;
				COPY_PHASE_STRIP = NO;
				DEBUG_INFORMATION_FORMAT = "dwarf-with-dsym";
				ENABLE_NS_ASSERTIONS = NO;
				ENABLE_STRICT_OBJC_MSGSEND = YES;
				ENABLE_USER_SCRIPT_SANDBOXING = YES;
				GCC_C_LANGUAGE_STANDARD = gnu17;
				GCC_NO_COMMON_BLOCKS = YES;
				GCC_WARN_64_TO_32_BIT_CONVERSION = YES;
				GCC_WARN_ABOUT_RETURN_TYPE = YES_ERROR;
				GCC_WARN_UNDECLARED_SELECTOR = YES;
				GCC_WARN_UNINITIALIZED_AUTOS = YES_AGGRESSIVE;
				GCC_WARN_UNUSED_FUNCTION = YES;
				GCC_WARN_UNUSED_VARIABLE = YES;
				IPHONEOS_DEPLOYMENT_TARGET = 17.5;
				LOCALIZATION_PREFERS_STRING_CATALOGS = YES;
				MTL_ENABLE_DEBUG_INFO = NO;
				MTL_FAST_MATH = YES;
				SDKROOT = iphoneos;
				SWIFT_COMPILATION_MODE = wholemodule;
				VALIDATE_PRODUCT = YES;
			};
			name = Release;
		};
		13B954E32C40D3D3009E1FD9 /* Debug */ = {
			isa = XCBuildConfiguration;
			buildSettings = {
				ASSETCATALOG_COMPILER_APPICON_NAME = AppIcon;
				ASSETCATALOG_COMPILER_GLOBAL_ACCENT_COLOR_NAME = AccentColor;
				CODE_SIGN_STYLE = Automatic;
				CURRENT_PROJECT_VERSION = 1;
				DEVELOPMENT_ASSET_PATHS = "\"Elektra/Preview Content\"";
				DEVELOPMENT_TEAM = 2PJC88X4U2;
				ENABLE_PREVIEWS = YES;
				GENERATE_INFOPLIST_FILE = YES;
				INFOPLIST_KEY_UIApplicationSceneManifest_Generation = YES;
				INFOPLIST_KEY_UIApplicationSupportsIndirectInputEvents = YES;
				INFOPLIST_KEY_UILaunchScreen_Generation = YES;
				INFOPLIST_KEY_UISupportedInterfaceOrientations_iPad = "UIInterfaceOrientationPortrait UIInterfaceOrientationPortraitUpsideDown UIInterfaceOrientationLandscapeLeft UIInterfaceOrientationLandscapeRight";
				INFOPLIST_KEY_UISupportedInterfaceOrientations_iPhone = "UIInterfaceOrientationPortrait UIInterfaceOrientationLandscapeLeft UIInterfaceOrientationLandscapeRight";
				LD_RUNPATH_SEARCH_PATHS = (
					"$(inherited)",
					"@executable_path/Frameworks",
				);
				MARKETING_VERSION = 1.0;
				PRODUCT_BUNDLE_IDENTIFIER = JLRR.Elektra;
				PRODUCT_NAME = "$(TARGET_NAME)";
				SWIFT_EMIT_LOC_STRINGS = YES;
				SWIFT_VERSION = 5.0;
				TARGETED_DEVICE_FAMILY = "1,2";
			};
			name = Debug;
		};
		13B954E42C40D3D3009E1FD9 /* Release */ = {
			isa = XCBuildConfiguration;
			buildSettings = {
				ASSETCATALOG_COMPILER_APPICON_NAME = AppIcon;
				ASSETCATALOG_COMPILER_GLOBAL_ACCENT_COLOR_NAME = AccentColor;
				CODE_SIGN_STYLE = Automatic;
				CURRENT_PROJECT_VERSION = 1;
				DEVELOPMENT_ASSET_PATHS = "\"Elektra/Preview Content\"";
				DEVELOPMENT_TEAM = 2PJC88X4U2;
				ENABLE_PREVIEWS = YES;
				GENERATE_INFOPLIST_FILE = YES;
				INFOPLIST_KEY_UIApplicationSceneManifest_Generation = YES;
				INFOPLIST_KEY_UIApplicationSupportsIndirectInputEvents = YES;
				INFOPLIST_KEY_UILaunchScreen_Generation = YES;
				INFOPLIST_KEY_UISupportedInterfaceOrientations_iPad = "UIInterfaceOrientationPortrait UIInterfaceOrientationPortraitUpsideDown UIInterfaceOrientationLandscapeLeft UIInterfaceOrientationLandscapeRight";
				INFOPLIST_KEY_UISupportedInterfaceOrientations_iPhone = "UIInterfaceOrientationPortrait UIInterfaceOrientationLandscapeLeft UIInterfaceOrientationLandscapeRight";
				LD_RUNPATH_SEARCH_PATHS = (
					"$(inherited)",
					"@executable_path/Frameworks",
				);
				MARKETING_VERSION = 1.0;
				PRODUCT_BUNDLE_IDENTIFIER = JLRR.Elektra;
				PRODUCT_NAME = "$(TARGET_NAME)";
				SWIFT_EMIT_LOC_STRINGS = YES;
				SWIFT_VERSION = 5.0;
				TARGETED_DEVICE_FAMILY = "1,2";
			};
			name = Release;
		};
/* End XCBuildConfiguration section */

/* Begin XCConfigurationList section */
		13B954CF2C40D3D2009E1FD9 /* Build configuration list for PBXProject "Elektra" */ = {
			isa = XCConfigurationList;
			buildConfigurations = (
				13B954E02C40D3D3009E1FD9 /* Debug */,
				13B954E12C40D3D3009E1FD9 /* Release */,
			);
			defaultConfigurationIsVisible = 0;
			defaultConfigurationName = Release;
		};
		13B954E22C40D3D3009E1FD9 /* Build configuration list for PBXNativeTarget "Elektra" */ = {
			isa = XCConfigurationList;
			buildConfigurations = (
				13B954E32C40D3D3009E1FD9 /* Debug */,
				13B954E42C40D3D3009E1FD9 /* Release */,
			);
			defaultConfigurationIsVisible = 0;
			defaultConfigurationName = Release;
		};
/* End XCConfigurationList section */
	};
	rootObject = 13B954CC2C40D3D2009E1FD9 /* Project object */;
}
